
Microsoft Visual Studio Solution File, Format Version 12.00
# Visual Studio Version 17
VisualStudioVersion = 17.1.32228.430
MinimumVisualStudioVersion = 10.0.40219.1
Project("{FAE04EC0-301F-11D3-BF4B-00C04F79EFBC}") = "N1B2_API", "N1B2_API.csproj", "{16740AEB-316F-4285-A2B0-8ECA48BF262B}"
EndProject
Project("{9A19103F-16F7-4668-BE54-9A1E7A4F7556}") = "API_CONSUME", "..\API_CONSUME\API_CONSUME.csproj", "{3494CCEB-1797-4757-AD0F-8B54C34C84AD}"
EndProject
Project("{FAE04EC0-301F-11D3-BF4B-00C04F79EFBC}") = "API_FORM_CONSUME", "API_FORM_CONSUME\API_FORM_CONSUME.csproj", "{9179F4C0-8C58-4F25-B553-90D8D3AA9B6A}"
EndProject
Global
	GlobalSection(SolutionConfigurationPlatforms) = preSolution
		Debug|Any CPU = Debug|Any CPU
		Release|Any CPU = Release|Any CPU
	EndGlobalSection
	GlobalSection(ProjectConfigurationPlatforms) = postSolution
		{16740AEB-316F-4285-A2B0-8ECA48BF262B}.Debug|Any CPU.ActiveCfg = Debug|Any CPU
		{16740AEB-316F-4285-A2B0-8ECA48BF262B}.Debug|Any CPU.Build.0 = Debug|Any CPU
		{16740AEB-316F-4285-A2B0-8ECA48BF262B}.Release|Any CPU.ActiveCfg = Release|Any CPU
		{16740AEB-316F-4285-A2B0-8ECA48BF262B}.Release|Any CPU.Build.0 = Release|Any CPU
		{3494CCEB-1797-4757-AD0F-8B54C34C84AD}.Debug|Any CPU.ActiveCfg = Debug|Any CPU
		{3494CCEB-1797-4757-AD0F-8B54C34C84AD}.Debug|Any CPU.Build.0 = Debug|Any CPU
		{3494CCEB-1797-4757-AD0F-8B54C34C84AD}.Release|Any CPU.ActiveCfg = Release|Any CPU
		{3494CCEB-1797-4757-AD0F-8B54C34C84AD}.Release|Any CPU.Build.0 = Release|Any CPU
		{9179F4C0-8C58-4F25-B553-90D8D3AA9B6A}.Debug|Any CPU.ActiveCfg = Debug|Any CPU
		{9179F4C0-8C58-4F25-B553-90D8D3AA9B6A}.Debug|Any CPU.Build.0 = Debug|Any CPU
		{9179F4C0-8C58-4F25-B553-90D8D3AA9B6A}.Release|Any CPU.ActiveCfg = Release|Any CPU
		{9179F4C0-8C58-4F25-B553-90D8D3AA9B6A}.Release|Any CPU.Build.0 = Release|Any CPU
	EndGlobalSection
	GlobalSection(SolutionProperties) = preSolution
		HideSolutionNode = FALSE
	EndGlobalSection
	GlobalSection(ExtensibilityGlobals) = postSolution
		SolutionGuid = {3300730B-F407-4666-9E0A-EFE3C480EECF}
	EndGlobalSection
EndGlobal
